
Microsoft Visual Studio Solution File, Format Version 12.00
# Visual Studio Version 16
VisualStudioVersion = 16.0.30114.105
MinimumVisualStudioVersion = 10.0.40219.1
Project("{FAE04EC0-301F-11D3-BF4B-00C04F79EFBC}") = "MIDI-Handler", "MIDI-Handler\MIDI-Handler.csproj", "{26338E62-2355-40C3-82A4-241B0252317B}"
EndProject
Project("{FAE04EC0-301F-11D3-BF4B-00C04F79EFBC}") = "KorgNanokontrol2MWAudio", "KorgNanokontrol2MWAudio\KorgNanokontrol2MWAudio.csproj", "{78DC6617-7D66-429A-8A91-4D0684DD2447}"
EndProject
Project("{FAE04EC0-301F-11D3-BF4B-00C04F79EFBC}") = "Audio-Handler", "Audio-Handler\Audio-Handler.csproj", "{1A97FDC4-2426-4068-A03C-7557C9BD43C3}"
EndProject
Global
	GlobalSection(SolutionConfigurationPlatforms) = preSolution
		Debug|Any CPU = Debug|Any CPU
		Release|Any CPU = Release|Any CPU
	EndGlobalSection
	GlobalSection(ProjectConfigurationPlatforms) = postSolution
		{26338E62-2355-40C3-82A4-241B0252317B}.Debug|Any CPU.ActiveCfg = Debug|Any CPU
		{26338E62-2355-40C3-82A4-241B0252317B}.Debug|Any CPU.Build.0 = Debug|Any CPU
		{26338E62-2355-40C3-82A4-241B0252317B}.Release|Any CPU.ActiveCfg = Release|Any CPU
		{26338E62-2355-40C3-82A4-241B0252317B}.Release|Any CPU.Build.0 = Release|Any CPU
		{78DC6617-7D66-429A-8A91-4D0684DD2447}.Debug|Any CPU.ActiveCfg = Debug|Any CPU
		{78DC6617-7D66-429A-8A91-4D0684DD2447}.Debug|Any CPU.Build.0 = Debug|Any CPU
		{78DC6617-7D66-429A-8A91-4D0684DD2447}.Release|Any CPU.ActiveCfg = Release|Any CPU
		{78DC6617-7D66-429A-8A91-4D0684DD2447}.Release|Any CPU.Build.0 = Release|Any CPU
		{1A97FDC4-2426-4068-A03C-7557C9BD43C3}.Debug|Any CPU.ActiveCfg = Debug|Any CPU
		{1A97FDC4-2426-4068-A03C-7557C9BD43C3}.Debug|Any CPU.Build.0 = Debug|Any CPU
		{1A97FDC4-2426-4068-A03C-7557C9BD43C3}.Release|Any CPU.ActiveCfg = Release|Any CPU
		{1A97FDC4-2426-4068-A03C-7557C9BD43C3}.Release|Any CPU.Build.0 = Release|Any CPU
	EndGlobalSection
	GlobalSection(SolutionProperties) = preSolution
		HideSolutionNode = FALSE
	EndGlobalSection
	GlobalSection(ExtensibilityGlobals) = postSolution
		SolutionGuid = {C52890E1-C17D-41B1-AE19-A162037F880F}
	EndGlobalSection
EndGlobal
